PODS:
  - Alamofire (5.4.1)
  - DropDown (2.3.13)
  - ESTabBarController-swift (2.8.0)
  - IQKeyboardManagerSwift (6.5.11)
  - JGProgressHUD (2.2)
  - OTPFieldView (1.0.1)
  - SDWebImage (5.15.2):
    - SDWebImage/Core (= 5.15.2)
  - SDWebImage/Core (5.15.2)
  - SwiftyJSON (5.0.1)

DEPENDENCIES:
  - Alamofire (= 5.4.1)
  - DropDown
  - ESTabBarController-swift
  - IQKeyboardManagerSwift
  - JGProgressHUD
  - OTPFieldView
  - SDWebImage
  - SwiftyJSON

SPEC REPOS:
  trunk:
    - Alamofire
    - DropDown
    - ESTabBarController-swift
    - IQKeyboardManagerSwift
    - JGProgressHUD
    - OTPFieldView
    - SDWebImage
    - SwiftyJSON

SPEC CHECKSUMS:
  Alamofire: 2291f7d21ca607c491dd17642e5d40fdcda0e65c
  DropDown: 8a2116376c1981888557f72ec2ffc9a5e0e456ec
  ESTabBarController-swift: 05593a6ad64700b03c0eb60ff625916370aa4136
  IQKeyboardManagerSwift: c7955c0bdbf7b2eb29bb7daaa44e3d90f55a9a85
  JGProgressHUD: d83d7a981b85d11205e19ff8ad5bb9c40571c847
  OTPFieldView: 700a752fe62c41d1c4914c78aa500fb30d97c255
  SDWebImage: 8ab87d4b3e5cc4927bd47f78db6ceb0b94442577
  SwiftyJSON: 2f33a42c6fbc52764d96f13368585094bfd8aa5e

PODFILE CHECKSUM: 0d3d740da5f166c605f6878e2df97323fa6ae650

COCOAPODS: 1.15.2
